# THIS IS AN AUTOGENERATED FILE. DO NOT EDIT THIS FILE DIRECTLY.
# yarn lockfile v1


"@ipdb/packer@^1.0.0":
  version "1.0.0"
  resolved "https://registry.yarnpkg.com/@ipdb/packer/-/packer-1.0.0.tgz#8f22b178a9b8b96ddc36cd366489f06b0e937132"
  integrity sha512-DKP4BD/2jB9ur3jHnFrHjjL+h49QY4fBCu2VV6N7QhGDuD5G/15JoQZ5cAFWvuErY2Zz5RGgO89R4LjuiKfyAg==

ansi-styles@^3.2.1:
  version "3.2.1"
  resolved "https://registry.yarnpkg.com/ansi-styles/-/ansi-styles-3.2.1.tgz#41fbb20243e50b12be0f04b8dedbf07520ce841d"
  integrity sha512-VT0ZI6kZRdTh8YyJw3SMbYm/u+NqfsAxEpWO0Pf9sq8/e94WxxOpPKx9FR1FlyCtOVDNOQ+8ntlqFxiRc+r5qA==
  dependencies:
    color-convert "^1.9.0"

assign-symbols@^1.0.0:
  version "1.0.0"
  resolved "https://registry.yarnpkg.com/assign-symbols/-/assign-symbols-1.0.0.tgz#59667f41fadd4f20ccbc2bb96b8d4f7f78ec0367"
  integrity sha1-WWZ/QfrdTyDMvCu5a41Pf3jsA2c=

axios@^0.18.0:
  version "0.18.1"
  resolved "https://registry.yarnpkg.com/axios/-/axios-0.18.1.tgz#ff3f0de2e7b5d180e757ad98000f1081b87bcea3"
  integrity sha512-0BfJq4NSfQXd+SkFdrvFbG7addhYSBA2mQwISr46pD6E5iqkWg02RAs8vyTT/j0RTnoYmeXauBuSv1qKwR179g==
  dependencies:
    follow-redirects "1.5.10"
    is-buffer "^2.0.2"

chalk@^2.4.2:
  version "2.4.2"
  resolved "https://registry.yarnpkg.com/chalk/-/chalk-2.4.2.tgz#cd42541677a54333cf541a49108c1432b44c9424"
  integrity sha512-Mti+f9lpJNcwF4tWV8/OrTTtF1gZi+f8FqlyAdouralcFWFQWF2+NgCHShjkCb+IFBLq9buZwE1xckQU4peSuQ==
  dependencies:
    ansi-styles "^3.2.1"
    escape-string-regexp "^1.0.5"
    supports-color "^5.3.0"

cidr-regex@^3.1.1:
  version "3.1.1"
  resolved "https://registry.yarnpkg.com/cidr-regex/-/cidr-regex-3.1.1.tgz#ba1972c57c66f61875f18fd7dd487469770b571d"
  integrity sha512-RBqYd32aDwbCMFJRL6wHOlDNYJsPNTt8vC82ErHF5vKt8QQzxm1FrkW8s/R5pVrXMf17sba09Uoy91PKiddAsw==
  dependencies:
    ip-regex "^4.1.0"

cidr-tools@^3.0.3:
  version "3.0.3"
  resolved "https://registry.yarnpkg.com/cidr-tools/-/cidr-tools-3.0.3.tgz#54acefab244b09127fe0394b2054d8cbccdeee57"
  integrity sha512-HxZn2dEKBS3tMoznWktHB9/iQlfu7JMEmd3AxWYBSqjGAdLejUHqidr0RFY5DGdmZ801/e/Swfo2FAhtJEOOmg==
  dependencies:
    ip-address "^7.0.1"
    ip-cidr "^2.1.0"
    ipv6-normalize "^1.0.1"
    is-cidr "^4.0.2"
    is-ip "^3.1.0"
    jsbn "^1.1.0"
    string-natural-compare "^3.0.1"

color-convert@^1.9.0:
  version "1.9.3"
  resolved "https://registry.yarnpkg.com/color-convert/-/color-convert-1.9.3.tgz#bb71850690e1f136567de629d2d5471deda4c1e8"
  integrity sha512-QfAUtd+vFdAtFQcC8CCyYt1fYWxSqAiK2cSD6zDB8N3cpsEBAvRxp9zOGg6G/SHHJYAT88/az/IuDGALsNVbGg==
  dependencies:
    color-name "1.1.3"

color-name@1.1.3:
  version "1.1.3"
  resolved "https://registry.yarnpkg.com/color-name/-/color-name-1.1.3.tgz#a7d0558bd89c42f795dd42328f740831ca53bc25"
  integrity sha1-p9BVi9icQveV3UIyj3QIMcpTvCU=

commander@^2.19.0:
  version "2.20.3"
  resolved "https://registry.yarnpkg.com/commander/-/commander-2.20.3.tgz#fd485e84c03eb4881c20722ba48035e8531aeb33"
  integrity sha512-GpVkmM8vF2vQUkj2LvZmD35JxeJOLCwJ9cUkugyk2nuhbv3+mJvpLYYt+0+USMxE+oj+ey/lJEnhZw75x/OMcQ==

debug@=3.1.0:
  version "3.1.0"
  resolved "https://registry.yarnpkg.com/debug/-/debug-3.1.0.tgz#5bb5a0672628b64149566ba16819e61518c67261"
  integrity sha512-OX8XqP7/1a9cqkxYw2yXss15f26NKWBpDXQd0/uK/KPqdQhxbPa994hnzjcE2VqQpDslf55723cKPUOGSmMY3g==
  dependencies:
    ms "2.0.0"

define-properties@^1.1.3:
  version "1.1.3"
  resolved "https://registry.yarnpkg.com/define-properties/-/define-properties-1.1.3.tgz#cf88da6cbee26fe6db7094f61d870cbd84cee9f1"
  integrity sha512-3MqfYKj2lLzdMSf8ZIZE/V+Zuy+BgD6f164e8K2w7dgnpKArBDerGYpM46IYYcjnkdPNMjPk9A6VFB8+3SKlXQ==
  dependencies:
    object-keys "^1.0.12"

define-property@^2.0.2:
  version "2.0.2"
  resolved "https://registry.yarnpkg.com/define-property/-/define-property-2.0.2.tgz#d459689e8d654ba77e02a817f8710d702cb16e9d"
  integrity sha512-jwK2UV4cnPpbcG7+VRARKTZPUWowwXA8bzH5NP6ud0oeAxyYPuGZUAC7hMugpCdz4BeSZl2Dl9k66CHJ/46ZYQ==
  dependencies:
    is-descriptor "^1.0.2"
    isobject "^3.0.1"

escape-string-regexp@^1.0.5:
  version "1.0.5"
  resolved "https://registry.yarnpkg.com/escape-string-regexp/-/escape-string-regexp-1.0.5.tgz#1b61c0562190a8dff6ae3bb2cf0200ca130b86d4"
  integrity sha1-G2HAViGQqN/2rjuyzwIAyhMLhtQ=

extend-shallow@^3.0.2:
  version "3.0.2"
  resolved "https://registry.yarnpkg.com/extend-shallow/-/extend-shallow-3.0.2.tgz#26a71aaf073b39fb2127172746131c2704028db8"
  integrity sha1-Jqcarwc7OfshJxcnRhMcJwQCjbg=
  dependencies:
    assign-symbols "^1.0.0"
    is-extendable "^1.0.1"

follow-redirects@1.5.10:
  version "1.5.10"
  resolved "https://registry.yarnpkg.com/follow-redirects/-/follow-redirects-1.5.10.tgz#7b7a9f9aea2fdff36786a94ff643ed07f4ff5e2a"
  integrity sha512-0V5l4Cizzvqt5D44aTXbFZz+FtyXV1vrDN6qrelxtfYQKW0KO0W2T/hkE8xvGa/540LkZlkaUjO4ailYTFtHVQ==
  dependencies:
    debug "=3.1.0"

function-bind@^1.1.1:
  version "1.1.1"
  resolved "https://registry.yarnpkg.com/function-bind/-/function-bind-1.1.1.tgz#a56899d3ea3c9bab874bb9773b7c5ede92f4895d"
  integrity sha512-yIovAzMX49sF8Yl58fSCWJ5svSLuaibPxXQJFLmBObTuCr0Mf1KiPopGM9NiFjiYBCbfaa2Fh6breQ6ANVTI0A==

gbk.js@^0.2.0:
  version "0.2.4"
  resolved "https://registry.yarnpkg.com/gbk.js/-/gbk.js-0.2.4.tgz#45b609764347c63e4473214adf74cd5359027c8e"
  integrity sha512-WsTPt31seMy5q3VuF1BP1sUopJPBiOAv6u30hE+yoyAgi0QgX7KpH9SxidyYTGTwisF+qhK3TR3+ckEwLbimPw==

has-flag@^3.0.0:
  version "3.0.0"
  resolved "https://registry.yarnpkg.com/has-flag/-/has-flag-3.0.0.tgz#b5d454dc2199ae225699f3467e5a07f3b955bafd"
  integrity sha1-tdRU3CGZriJWmfNGfloH87lVuv0=

ip-address@^6.3.0:
  version "6.4.0"
  resolved "https://registry.yarnpkg.com/ip-address/-/ip-address-6.4.0.tgz#8f7d43e76002a1c3c230792c748f5d8c143f908a"
  integrity sha512-c5uxc2WUTuRBVHT/6r4m7HIr/DfV0bF6DvLH3iZGSK8wp8iMwwZSgIq2do0asFf8q9ECug0SE+6+1ACMe4sorA==
  dependencies:
    jsbn "1.1.0"
    lodash.find "4.6.0"
    lodash.max "4.0.1"
    lodash.merge "4.6.2"
    lodash.padstart "4.6.1"
    lodash.repeat "4.1.0"
    sprintf-js "1.1.2"

ip-address@^7.0.1:
  version "7.1.0"
  resolved "https://registry.yarnpkg.com/ip-address/-/ip-address-7.1.0.tgz#4a9c699e75b51cbeb18b38de8ed216efa1a490c5"
  integrity sha512-V9pWC/VJf2lsXqP7IWJ+pe3P1/HCYGBMZrrnT62niLGjAfCbeiwXMUxaeHvnVlz19O27pvXP4azs+Pj/A0x+SQ==
  dependencies:
    jsbn "1.1.0"
    sprintf-js "1.1.2"

ip-cidr@^2.1.0:
  version "2.1.1"
  resolved "https://registry.yarnpkg.com/ip-cidr/-/ip-cidr-2.1.1.tgz#e54e4317dd812a84fe361d89610e2e4166ccd19a"
  integrity sha512-aeQXlWwFzEIJ5Iq+KmgVh4rafGXzwbiwVUXgXsZjoFFqApxCSuQu3rwNaQ9S+NNatWTJ78KBZBqZjmDKKjxUVw==
  dependencies:
    ip-address "^6.3.0"
    jsbn "^0.1.0"

ip-regex@^4.0.0, ip-regex@^4.1.0:
  version "4.2.0"
  resolved "https://registry.yarnpkg.com/ip-regex/-/ip-regex-4.2.0.tgz#a03f5eb661d9a154e3973a03de8b23dd0ad6892e"
  integrity sha512-n5cDDeTWWRwK1EBoWwRti+8nP4NbytBBY0pldmnIkq6Z55KNFmWofh4rl9dPZpj+U/nVq7gweR3ylrvMt4YZ5A==

ipdb@^0.3.3:
  version "0.3.3"
  resolved "https://registry.yarnpkg.com/ipdb/-/ipdb-0.3.3.tgz#741ad7b73dbc847bcd9302b24c08ce5c30e4a958"
  integrity sha512-lQIa/I5mQ7WbT0h1MCkbixgZslJeEdjBN0a+ElDV2XDfdc0bgGWxUq6+QmMmcx3epu95xBGstmbR+1mX9m4EZQ==

ipv6-normalize@^1.0.1:
  version "1.0.1"
  resolved "https://registry.yarnpkg.com/ipv6-normalize/-/ipv6-normalize-1.0.1.tgz#1b3258290d365fa83239e89907dde4592e7620a8"
  integrity sha1-GzJYKQ02X6gyOeiZB93kWS52IKg=

is-accessor-descriptor@^1.0.0:
  version "1.0.0"
  resolved "https://registry.yarnpkg.com/is-accessor-descriptor/-/is-accessor-descriptor-1.0.0.tgz#169c2f6d3df1f992618072365c9b0ea1f6878656"
  integrity sha512-m5hnHTkcVsPfqx3AKlyttIPb7J+XykHvJP2B9bZDjlhLIoEq4XoK64Vg7boZlVWYK6LUY94dYPEE7Lh0ZkZKcQ==
  dependencies:
    kind-of "^6.0.0"

is-buffer@^2.0.2:
  version "2.0.5"
  resolved "https://registry.yarnpkg.com/is-buffer/-/is-buffer-2.0.5.tgz#ebc252e400d22ff8d77fa09888821a24a658c191"
  integrity sha512-i2R6zNFDwgEHJyQUtJEk0XFi1i0dPFn/oqjK3/vPCcDeJvW5NQ83V8QbicfF1SupOaB0h8ntgBC2YiE7dfyctQ==

is-cidr@^4.0.2:
  version "4.0.2"
  resolved "https://registry.yarnpkg.com/is-cidr/-/is-cidr-4.0.2.tgz#94c7585e4c6c77ceabf920f8cde51b8c0fda8814"
  integrity sha512-z4a1ENUajDbEl/Q6/pVBpTR1nBjjEE1X7qb7bmWYanNnPoKAvUCPFKeXV6Fe4mgTkWKBqiHIcwsI3SndiO5FeA==
  dependencies:
    cidr-regex "^3.1.1"

is-data-descriptor@^1.0.0:
  version "1.0.0"
  resolved "https://registry.yarnpkg.com/is-data-descriptor/-/is-data-descriptor-1.0.0.tgz#d84876321d0e7add03990406abbbbd36ba9268c7"
  integrity sha512-jbRXy1FmtAoCjQkVmIVYwuuqDFUbaOeDjmed1tOGPrsMhtJA4rD9tkgA0F1qJ3gRFRXcHYVkdeaP50Q5rE/jLQ==
  dependencies:
    kind-of "^6.0.0"

is-descriptor@^1.0.2:
  version "1.0.2"
  resolved "https://registry.yarnpkg.com/is-descriptor/-/is-descriptor-1.0.2.tgz#3b159746a66604b04f8c81524ba365c5f14d86ec"
  integrity sha512-2eis5WqQGV7peooDyLmNEPUrps9+SXX5c9pL3xEB+4e9HnGuDa7mB7kHxHw4CbqS9k1T2hOH3miL8n8WtiYVtg==
  dependencies:
    is-accessor-descriptor "^1.0.0"
    is-data-descriptor "^1.0.0"
    kind-of "^6.0.2"

is-extendable@^1.0.1:
  version "1.0.1"
  resolved "https://registry.yarnpkg.com/is-extendable/-/is-extendable-1.0.1.tgz#a7470f9e426733d81bd81e1155264e3a3507cab4"
  integrity sha512-arnXMxT1hhoKo9k1LZdmlNyJdDDfy2v0fXjFlmok4+i8ul/6WlbVge9bhM74OpNPQPMGUToDtz+KXa1PneJxOA==
  dependencies:
    is-plain-object "^2.0.4"

is-ip@^3.1.0:
  version "3.1.0"
  resolved "https://registry.yarnpkg.com/is-ip/-/is-ip-3.1.0.tgz#2ae5ddfafaf05cb8008a62093cf29734f657c5d8"
  integrity sha512-35vd5necO7IitFPjd/YBeqwWnyDWbuLH9ZXQdMfDA8TEo7pv5X8yfrvVO3xbJbLUlERCMvf6X0hTUamQxCYJ9Q==
  dependencies:
    ip-regex "^4.0.0"

is-plain-object@^2.0.4:
  version "2.0.4"
  resolved "https://registry.yarnpkg.com/is-plain-object/-/is-plain-object-2.0.4.tgz#2c163b3fafb1b606d9d17928f05c2a1c38e07677"
  integrity sha512-h5PpgXkWitc38BBMYawTYMWJHFZJVnBquFE57xFpjB8pJFiF6gZ+bU+WyI/yqXiFR5mdLsgYNaPe8uao6Uv9Og==
  dependencies:
    isobject "^3.0.1"

isobject@^3.0.1:
  version "3.0.1"
  resolved "https://registry.yarnpkg.com/isobject/-/isobject-3.0.1.tgz#4e431e92b11a9731636aa1f9c8d1ccbcfdab78df"
  integrity sha1-TkMekrEalzFjaqH5yNHMvP2reN8=

jsbn@1.1.0, jsbn@^1.1.0:
  version "1.1.0"
  resolved "https://registry.yarnpkg.com/jsbn/-/jsbn-1.1.0.tgz#b01307cb29b618a1ed26ec79e911f803c4da0040"
  integrity sha1-sBMHyym2GKHtJux56RH4A8TaAEA=

jsbn@^0.1.0:
  version "0.1.1"
  resolved "https://registry.yarnpkg.com/jsbn/-/jsbn-0.1.1.tgz#a5e654c2e5a2deb5f201d96cefbca80c0ef2f513"
  integrity sha1-peZUwuWi3rXyAdls77yoDA7y9RM=

kind-of@^6.0.0, kind-of@^6.0.2:
  version "6.0.3"
  resolved "https://registry.yarnpkg.com/kind-of/-/kind-of-6.0.3.tgz#07c05034a6c349fa06e24fa35aa76db4580ce4dd"
  integrity sha512-dcS1ul+9tmeD95T+x28/ehLgd9mENa3LsvDTtzm3vyBEO7RPptvAD+t44WVXaUjTBRcrpFeFlC8WCruUR456hw==

lib-qqwry@^1.3.2:
  version "1.3.2"
  resolved "https://registry.yarnpkg.com/lib-qqwry/-/lib-qqwry-1.3.2.tgz#ed98bd383ed4ca057e49f9106f969604c81943e5"
  integrity sha512-m37ccV1FX9Bq6DiwJDLCu+YYiGFX1oM7aNkhmY4xQDsAnHSt4pyDYTrK27eldlwhBLfSXMErz8Kiee8ikQOFqA==
  dependencies:
    axios "^0.18.0"
    chalk "^2.4.2"
    commander "^2.19.0"
    gbk.js "^0.2.0"
    progress "^2.0.3"
    stream.pipeline-shim "^1.0.4"
    to-regex "^3.0.2"

lodash.find@4.6.0:
  version "4.6.0"
  resolved "https://registry.yarnpkg.com/lodash.find/-/lodash.find-4.6.0.tgz#cb0704d47ab71789ffa0de8b97dd926fb88b13b1"
  integrity sha1-ywcE1Hq3F4n/oN6Ll92Sb7iLE7E=

lodash.max@4.0.1:
  version "4.0.1"
  resolved "https://registry.yarnpkg.com/lodash.max/-/lodash.max-4.0.1.tgz#8735566c618b35a9f760520b487ae79658af136a"
  integrity sha1-hzVWbGGLNan3YFILSHrnllivE2o=

lodash.merge@4.6.2:
  version "4.6.2"
  resolved "https://registry.yarnpkg.com/lodash.merge/-/lodash.merge-4.6.2.tgz#558aa53b43b661e1925a0afdfa36a9a1085fe57a"
  integrity sha512-0KpjqXRVvrYyCsX1swR/XTK0va6VQkQM6MNo7PqW77ByjAhoARA8EfrP1N4+KlKj8YS0ZUCtRT/YUuhyYDujIQ==

lodash.padstart@4.6.1:
  version "4.6.1"
  resolved "https://registry.yarnpkg.com/lodash.padstart/-/lodash.padstart-4.6.1.tgz#d2e3eebff0d9d39ad50f5cbd1b52a7bce6bb611b"
  integrity sha1-0uPuv/DZ05rVD1y9G1KnvOa7YRs=

lodash.repeat@4.1.0:
  version "4.1.0"
  resolved "https://registry.yarnpkg.com/lodash.repeat/-/lodash.repeat-4.1.0.tgz#fc7de8131d8c8ac07e4b49f74ffe829d1f2bec44"
  integrity sha1-/H3oEx2MisB+S0n3T/6CnR8r7EQ=

ms@2.0.0:
  version "2.0.0"
  resolved "https://registry.yarnpkg.com/ms/-/ms-2.0.0.tgz#5608aeadfc00be6c2901df5f9861788de0d597c8"
  integrity sha1-VgiurfwAvmwpAd9fmGF4jeDVl8g=

object-keys@^1.0.12:
  version "1.1.1"
  resolved "https://registry.yarnpkg.com/object-keys/-/object-keys-1.1.1.tgz#1c47f272df277f3b1daf061677d9c82e2322c60e"
  integrity sha512-NuAESUOUMrlIXOfHKzD6bpPu3tYt3xvjNdRIQ+FeT0lNb4K8WR70CaDxhuNguS2XG+GjkyMwOzsN5ZktImfhLA==

progress@^2.0.3:
  version "2.0.3"
  resolved "https://registry.yarnpkg.com/progress/-/progress-2.0.3.tgz#7e8cf8d8f5b8f239c1bc68beb4eb78567d572ef8"
  integrity sha512-7PiHtLll5LdnKIMw100I+8xJXR5gW2QwWYkT6iJva0bXitZKa/XMrSbdmg3r2Xnaidz9Qumd0VPaMrZlF9V9sA==

regex-not@^1.0.2:
  version "1.0.2"
  resolved "https://registry.yarnpkg.com/regex-not/-/regex-not-1.0.2.tgz#1f4ece27e00b0b65e0247a6810e6a85d83a5752c"
  integrity sha512-J6SDjUgDxQj5NusnOtdFxDwN/+HWykR8GELwctJ7mdqhcyy1xEc4SRFHUXvxTp661YaVKAjfRLZ9cCqS6tn32A==
  dependencies:
    extend-shallow "^3.0.2"
    safe-regex "^1.1.0"

ret@~0.1.10:
  version "0.1.15"
  resolved "https://registry.yarnpkg.com/ret/-/ret-0.1.15.tgz#b8a4825d5bdb1fc3f6f53c2bc33f81388681c7bc"
  integrity sha512-TTlYpa+OL+vMMNG24xSlQGEJ3B/RzEfUlLct7b5G/ytav+wPrplCpVMFuwzXbkecJrb6IYo1iFb0S9v37754mg==

safe-regex@^1.1.0:
  version "1.1.0"
  resolved "https://registry.yarnpkg.com/safe-regex/-/safe-regex-1.1.0.tgz#40a3669f3b077d1e943d44629e157dd48023bf2e"
  integrity sha1-QKNmnzsHfR6UPURinhV91IAjvy4=
  dependencies:
    ret "~0.1.10"

sprintf-js@1.1.2:
  version "1.1.2"
  resolved "https://registry.yarnpkg.com/sprintf-js/-/sprintf-js-1.1.2.tgz#da1765262bf8c0f571749f2ad6c26300207ae673"
  integrity sha512-VE0SOVEHCk7Qc8ulkWw3ntAzXuqf7S2lvwQaDLRnUeIEaKNQJzV6BwmLKhOqT61aGhfUMrXeaBk+oDGCzvhcug==

stream.finished@^1.2.0:
  version "1.2.0"
  resolved "https://registry.yarnpkg.com/stream.finished/-/stream.finished-1.2.0.tgz#40fc76092792d08a43388184fd0d42c6ab9523a0"
  integrity sha512-xSp45f/glqd035qAtFUxAGvhotjY/EfqDNV+rQW8o7ffligiOjPaguTEvRzeQAhiQMCdkPEBrp5++S/rQyavWQ==
  dependencies:
    define-properties "^1.1.3"
    function-bind "^1.1.1"

stream.pipeline-shim@^1.0.4:
  version "1.1.0"
  resolved "https://registry.yarnpkg.com/stream.pipeline-shim/-/stream.pipeline-shim-1.1.0.tgz#70c94a5f9a1ab84951694a2cc108bc7a47000cb5"
  integrity sha512-pSi/SZZDbSA5l3YYjSmJadCoD74/qSe79r9ZVR21lD4bpf+khn5Umi6AlfJrD8I0KQfGSqm/7Yp48dmithM+Vw==
  dependencies:
    define-properties "^1.1.3"
    function-bind "^1.1.1"
    stream.finished "^1.2.0"

string-natural-compare@^3.0.1:
  version "3.0.1"
  resolved "https://registry.yarnpkg.com/string-natural-compare/-/string-natural-compare-3.0.1.tgz#7a42d58474454963759e8e8b7ae63d71c1e7fdf4"
  integrity sha512-n3sPwynL1nwKi3WJ6AIsClwBMa0zTi54fn2oLU6ndfTSIO05xaznjSf15PcBZU6FNWbmN5Q6cxT4V5hGvB4taw==

supports-color@^5.3.0:
  version "5.5.0"
  resolved "https://registry.yarnpkg.com/supports-color/-/supports-color-5.5.0.tgz#e2e69a44ac8772f78a1ec0b35b689df6530efc8f"
  integrity sha512-QjVjwdXIt408MIiAqCX4oUKsgU2EqAGzs2Ppkm4aQYbjm+ZEWEcW4SfFNTr4uMNZma0ey4f5lgLrkB0aX0QMow==
  dependencies:
    has-flag "^3.0.0"

to-regex@^3.0.2:
  version "3.0.2"
  resolved "https://registry.yarnpkg.com/to-regex/-/to-regex-3.0.2.tgz#13cfdd9b336552f30b51f33a8ae1b42a7a7599ce"
  integrity sha512-FWtleNAtZ/Ki2qtqej2CXTOayOH9bHDQF+Q48VpWyDXjbYxA4Yz8iDB31zXOBUlOHHKidDbqGVrTUvQMPmBGBw==
  dependencies:
    define-property "^2.0.2"
    extend-shallow "^3.0.2"
    regex-not "^1.0.2"
    safe-regex "^1.1.0"
